{
  "name": "@gych-imooc-cli-dev/exec",
  "version": "1.0.10",
  "lockfileVersion": 2,
  "requires": true,
  "packages": {
    "": {
      "name": "@gych-imooc-cli-dev/exec",
      "version": "1.0.9",
      "license": "ISC",
      "dependencies": {
        "@gych-imooc-cli-dev/package": "file:../../modules/package"
      }
    },
    "../../modules/package": {
      "version": "1.0.9",
      "license": "ISC"
    },
    "node_modules/@gych-imooc-cli-dev/package": {
      "resolved": "../../modules/package",
      "link": true
    }
  },
  "dependencies": {
    "@gych-imooc-cli-dev/package": {
      "version": "file:../../modules/package"
    }
  }
}
