{
  "name": "@gych-imooc-cli-dev/exec",
  "version": "1.0.10",
  "lockfileVersion": 2,
  "requires": true,
  "packages": {
    "": {
      "name": "@gych-imooc-cli-dev/exec",
      "version": "1.0.10",
      "license": "ISC",
      "dependencies": {
        "@gych-imooc-cli-dev/log": "file:../../utils/log",
        "@gych-imooc-cli-dev/package": "file:../../modules/package"
      }
    },
    "../../modules/command": {
      "name": "@gych-imooc-cli-dev/command",
      "version": "1.0.10",
      "extraneous": true,
      "license": "ISC"
    },
    "../../modules/package": {
      "name": "@gych-imooc-cli-dev/package",
      "version": "1.0.10",
      "license": "ISC",
      "dependencies": {
        "@gych-imooc-cli-dev/npm-info": "file:../../utils/npm-info",
        "@gych-imooc-cli-dev/units": "file:../../utils/utils",
        "npminstall": "^5.3.1",
        "pkg-dir": "^5.0.0",
        "semver": "^7.3.5"
      }
    },
    "../../utils/log": {
      "version": "1.0.10",
      "license": "ISC",
      "devDependencies": {
        "npmlog": "^6.0.0"
      }
    },
    "node_modules/@gych-imooc-cli-dev/log": {
      "resolved": "../../utils/log",
      "link": true
    },
    "node_modules/@gych-imooc-cli-dev/package": {
      "resolved": "../../modules/package",
      "link": true
    }
  },
  "dependencies": {
    "@gych-imooc-cli-dev/log": {
      "version": "file:../../utils/log",
      "requires": {
        "npmlog": "^6.0.0"
      }
    },
    "@gych-imooc-cli-dev/package": {
      "version": "file:../../modules/package",
      "requires": {
        "@gych-imooc-cli-dev/npm-info": "file:../../utils/npm-info",
        "@gych-imooc-cli-dev/units": "file:../../utils/utils",
        "npminstall": "^5.3.1",
        "pkg-dir": "^5.0.0",
        "semver": "^7.3.5"
      }
    }
  }
}
